// !$*UTF8*$!
{
	archiveVersion = 1;
	classes = {
	};
	objectVersion = 46;
	objects = {

/* Begin PBXBuildFile section */
		995DF5931CEC3552007A3C02 /* AppDelegate.swift in Sources */ = {isa = PBXBuildFile; fileRef = 995DF5921CEC3552007A3C02 /* AppDelegate.swift */; };
		995DF5951CEC3552007A3C02 /* ViewController.swift in Sources */ = {isa = PBXBuildFile; fileRef = 995DF5941CEC3552007A3C02 /* ViewController.swift */; };
		995DF5981CEC3552007A3C02 /* Main.storyboard in Resources */ = {isa = PBXBuildFile; fileRef = 995DF5961CEC3552007A3C02 /* Main.storyboard */; };
		995DF59A1CEC3552007A3C02 /* Assets.xcassets in Resources */ = {isa = PBXBuildFile; fileRef = 995DF5991CEC3552007A3C02 /* Assets.xcassets */; };
		995DF59D1CEC3552007A3C02 /* LaunchScreen.storyboard in Resources */ = {isa = PBXBuildFile; fileRef = 995DF59B1CEC3552007A3C02 /* LaunchScreen.storyboard */; };
		995DF5A51CEC4A6B007A3C02 /* ShowImageViewController.swift in Sources */ = {isa = PBXBuildFile; fileRef = 995DF5A41CEC4A6B007A3C02 /* ShowImageViewController.swift */; };
		995DF5A71CEC8398007A3C02 /* AppModel.swift in Sources */ = {isa = PBXBuildFile; fileRef = 995DF5A61CEC8398007A3C02 /* AppModel.swift */; };
/* End PBXBuildFile section */

/* Begin PBXFileReference section */
		995DF58F1CEC3552007A3C02 /* Fixed Debug Proj.app */ = {isa = PBXFileReference; explicitFileType = wrapper.application; includeInIndex = 0; path = "Fixed Debug Proj.app"; sourceTree = BUILT_PRODUCTS_DIR; };
		995DF5921CEC3552007A3C02 /* AppDelegate.swift */ = {isa = PBXFileReference; lastKnownFileType = sourcecode.swift; path = AppDelegate.swift; sourceTree = "<group>"; };
		995DF5941CEC3552007A3C02 /* ViewController.swift */ = {isa = PBXFileReference; lastKnownFileType = sourcecode.swift; path = ViewController.swift; sourceTree = "<group>"; };
		995DF5971CEC3552007A3C02 /* Base */ = {isa = PBXFileReference; lastKnownFileType = file.storyboard; name = Base; path = Base.lproj/Main.storyboard; sourceTree = "<group>"; };
		995DF5991CEC3552007A3C02 /* Assets.xcassets */ = {isa = PBXFileReference; lastKnownFileType = folder.assetcatalog; path = Assets.xcassets; sourceTree = "<group>"; };
		995DF59C1CEC3552007A3C02 /* Base */ = {isa = PBXFileReference; lastKnownFileType = file.storyboard; name = Base; path = Base.lproj/LaunchScreen.storyboard; sourceTree = "<group>"; };
		995DF59E1CEC3552007A3C02 /* Info.plist */ = {isa = PBXFileReference; lastKnownFileType = text.plist.xml; path = Info.plist; sourceTree = "<group>"; };
		995DF5A41CEC4A6B007A3C02 /* ShowImageViewController.swift */ = {isa = PBXFileReference; fileEncoding = 4; lastKnownFileType = sourcecode.swift; path = ShowImageViewController.swift; sourceTree = "<group>"; };
		995DF5A61CEC8398007A3C02 /* AppModel.swift */ = {isa = PBXFileReference; fileEncoding = 4; lastKnownFileType = sourcecode.swift; path = AppModel.swift; sourceTree = "<group>"; };
/* End PBXFileReference section */

/* Begin PBXFrameworksBuildPhase section */
		995DF58C1CEC3552007A3C02 /* Frameworks */ = {
			isa = PBXFrameworksBuildPhase;
			buildActionMask = 2147483647;
			files = (
			);
			runOnlyForDeploymentPostprocessing = 0;
		};
/* End PBXFrameworksBuildPhase section */

/* Begin PBXGroup section */
		995DF5861CEC3552007A3C02 = {
			isa = PBXGroup;
			children = (
				995DF5911CEC3552007A3C02 /* Debug App */,
				995DF5901CEC3552007A3C02 /* Products */,
			);
			sourceTree = "<group>";
		};
		995DF5901CEC3552007A3C02 /* Products */ = {
			isa = PBXGroup;
			children = (
				995DF58F1CEC3552007A3C02 /* Fixed Debug Proj.app */,
			);
			name = Products;
			sourceTree = "<group>";
		};
		995DF5911CEC3552007A3C02 /* Debug App */ = {
			isa = PBXGroup;
			children = (
				995DF5921CEC3552007A3C02 /* AppDelegate.swift */,
				995DF5A61CEC8398007A3C02 /* AppModel.swift */,
				995DF5941CEC3552007A3C02 /* ViewController.swift */,
				995DF5A41CEC4A6B007A3C02 /* ShowImageViewController.swift */,
				995DF5961CEC3552007A3C02 /* Main.storyboard */,
				995DF5991CEC3552007A3C02 /* Assets.xcassets */,
				995DF59B1CEC3552007A3C02 /* LaunchScreen.storyboard */,
				995DF59E1CEC3552007A3C02 /* Info.plist */,
			);
			path = "Debug App";
			sourceTree = "<group>";
		};
/* End PBXGroup section */

/* Begin PBXNativeTarget section */
		995DF58E1CEC3552007A3C02 /* Fixed Debug Proj */ = {
			isa = PBXNativeTarget;
			buildConfigurationList = 995DF5A11CEC3553007A3C02 /* Build configuration list for PBXNativeTarget "Fixed Debug Proj" */;
			buildPhases = (
				995DF58B1CEC3552007A3C02 /* Sources */,
				995DF58C1CEC3552007A3C02 /* Frameworks */,
				995DF58D1CEC3552007A3C02 /* Resources */,
			);
			buildRules = (
			);
			dependencies = (
			);
			name = "Fixed Debug Proj";
			productName = "Debug App";
			productReference = 995DF58F1CEC3552007A3C02 /* Fixed Debug Proj.app */;
			productType = "com.apple.product-type.application";
		};
/* End PBXNativeTarget section */

/* Begin PBXProject section */
		995DF5871CEC3552007A3C02 /* Project object */ = {
			isa = PBXProject;
			attributes = {
				LastSwiftUpdateCheck = 0720;
				LastUpgradeCheck = 0720;
				ORGANIZATIONNAME = com.;
				TargetAttributes = {
					995DF58E1CEC3552007A3C02 = {
						CreatedOnToolsVersion = 7.2;
					};
				};
			};
			buildConfigurationList = 995DF58A1CEC3552007A3C02 /* Build configuration list for PBXProject "Fixed Debug Proj" */;
			compatibilityVersion = "Xcode 3.2";
			developmentRegion = English;
			hasScannedForEncodings = 0;
			knownRegions = (
				en,
				Base,
			);
			mainGroup = 995DF5861CEC3552007A3C02;
			productRefGroup = 995DF5901CEC3552007A3C02 /* Products */;
			projectDirPath = "";
			projectRoot = "";
			targets = (
				995DF58E1CEC3552007A3C02 /* Fixed Debug Proj */,
			);
		};
/* End PBXProject section */

/* Begin PBXResourcesBuildPhase section */
		995DF58D1CEC3552007A3C02 /* Resources */ = {
			isa = PBXResourcesBuildPhase;
			buildActionMask = 2147483647;
			files = (
				995DF59D1CEC3552007A3C02 /* LaunchScreen.storyboard in Resources */,
				995DF59A1CEC3552007A3C02 /* Assets.xcassets in Resources */,
				995DF5981CEC3552007A3C02 /* Main.storyboard in Resources */,
			);
			runOnlyForDeploymentPostprocessing = 0;
		};
/* End PBXResourcesBuildPhase section */

/* Begin PBXSourcesBuildPhase section */
		995DF58B1CEC3552007A3C02 /* Sources */ = {
			isa = PBXSourcesBuildPhase;
			buildActionMask = 2147483647;
			files = (
				995DF5951CEC3552007A3C02 /* ViewController.swift in Sources */,
				995DF5A51CEC4A6B007A3C02 /* ShowImageViewController.swift in Sources */,
				995DF5931CEC3552007A3C02 /* AppDelegate.swift in Sources */,
				995DF5A71CEC8398007A3C02 /* AppModel.swift in Sources */,
			);
			runOnlyForDeploymentPostprocessing = 0;
		};
/* End PBXSourcesBuildPhase section */

/* Begin PBXVariantGroup section */
		995DF5961CEC3552007A3C02 /* Main.storyboard */ = {
			isa = PBXVariantGroup;
			children = (
				995DF5971CEC3552007A3C02 /* Base */,
			);
			name = Main.storyboard;
			sourceTree = "<group>";
		};
		995DF59B1CEC3552007A3C02 /* LaunchScreen.storyboard */ = {
			isa = PBXVariantGroup;
			children = (
				995DF59C1CEC3552007A3C02 /* Base */,
			);
			name = LaunchScreen.storyboard;
			sourceTree = "<group>";
		};
/* End PBXVariantGroup section */

/* Begin XCBuildConfiguration section */
		995DF59F1CEC3553007A3C02 /* Debug */ = {
			isa = XCBuildConfiguration;
			buildSettings = {
				ALWAYS_SEARCH_USER_PATHS = NO;
				CLANG_CXX_LANGUAGE_STANDARD = "gnu++0x";
				CLANG_CXX_LIBRARY = "libc++";
				CLANG_ENABLE_MODULES = YES;
				CLANG_ENABLE_OBJC_ARC = YES;
				CLANG_WARN_BOOL_CONVERSION = YES;
				CLANG_WARN_CONSTANT_CONVERSION = YES;
				CLANG_WARN_DIRECT_OBJC_ISA_USAGE = YES_ERROR;
				CLANG_WARN_EMPTY_BODY = YES;
				CLANG_WARN_ENUM_CONVERSION = YES;
				CLANG_WARN_INT_CONVERSION = YES;
				CLANG_WARN_OBJC_ROOT_CLASS = YES_ERROR;
				CLANG_WARN_UNREACHABLE_CODE = YES;
				CLANG_WARN__DUPLICATE_METHOD_MATCH = YES;
				"CODE_SIGN_IDENTITY[sdk=iphoneos*]" = "iPhone Developer";
				COPY_PHASE_STRIP = NO;
				DEBUG_INFORMATION_FORMAT = dwarf;
				ENABLE_STRICT_OBJC_MSGSEND = YES;
				ENABLE_TESTABILITY = YES;
				GCC_C_LANGUAGE_STANDARD = gnu99;
				GCC_DYNAMIC_NO_PIC = NO;
				GCC_NO_COMMON_BLOCKS = YES;
				GCC_OPTIMIZATION_LEVEL = 0;
				GCC_PREPROCESSOR_DEFINITIONS = (
					"DEBUG=1",
					"$(inherited)",
				);
				GCC_WARN_64_TO_32_BIT_CONVERSION = YES;
				GCC_WARN_ABOUT_RETURN_TYPE = YES_ERROR;
				GCC_WARN_UNDECLARED_SELECTOR = YES;
				GCC_WARN_UNINITIALIZED_AUTOS = YES_AGGRESSIVE;
				GCC_WARN_UNUSED_FUNCTION = YES;
				GCC_WARN_UNUSED_VARIABLE = YES;
				IPHONEOS_DEPLOYMENT_TARGET = 9.2;
				MTL_ENABLE_DEBUG_INFO = YES;
				ONLY_ACTIVE_ARCH = YES;
				SDKROOT = iphoneos;
				SWIFT_OPTIMIZATION_LEVEL = "-Onone";
			};
			name = Debug;
		};
		995DF5A01CEC3553007A3C02 /* Release */ = {
			isa = XCBuildConfiguration;
			buildSettings = {
				ALWAYS_SEARCH_USER_PATHS = NO;
				CLANG_CXX_LANGUAGE_STANDARD = "gnu++0x";
				CLANG_CXX_LIBRARY = "libc++";
				CLANG_ENABLE_MODULES = YES;
				CLANG_ENABLE_OBJC_ARC = YES;
				CLANG_WARN_BOOL_CONVERSION = YES;
				CLANG_WARN_CONSTANT_CONVERSION = YES;
				CLANG_WARN_DIRECT_OBJC_ISA_USAGE = YES_ERROR;
				CLANG_WARN_EMPTY_BODY = YES;
				CLANG_WARN_ENUM_CONVERSION = YES;
				CLANG_WARN_INT_CONVERSION = YES;
				CLANG_WARN_OBJC_ROOT_CLASS = YES_ERROR;
				CLANG_WARN_UNREACHABLE_CODE = YES;
				CLANG_WARN__DUPLICATE_METHOD_MATCH = YES;
				"CODE_SIGN_IDENTITY[sdk=iphoneos*]" = "iPhone Developer";
				COPY_PHASE_STRIP = NO;
				DEBUG_INFORMATION_FORMAT = "dwarf-with-dsym";
				ENABLE_NS_ASSERTIONS = NO;
				ENABLE_STRICT_OBJC_MSGSEND = YES;
				GCC_C_LANGUAGE_STANDARD = gnu99;
				GCC_NO_COMMON_BLOCKS = YES;
				GCC_WARN_64_TO_32_BIT_CONVERSION = YES;
				GCC_WARN_ABOUT_RETURN_TYPE = YES_ERROR;
				GCC_WARN_UNDECLARED_SELECTOR = YES;
				GCC_WARN_UNINITIALIZED_AUTOS = YES_AGGRESSIVE;
				GCC_WARN_UNUSED_FUNCTION = YES;
				GCC_WARN_UNUSED_VARIABLE = YES;
				IPHONEOS_DEPLOYMENT_TARGET = 9.2;
				MTL_ENABLE_DEBUG_INFO = NO;
				SDKROOT = iphoneos;
				VALIDATE_PRODUCT = YES;
			};
			name = Release;
		};
		995DF5A21CEC3553007A3C02 /* Debug */ = {
			isa = XCBuildConfiguration;
			buildSettings = {
				ASSETCATALOG_COMPILER_APPICON_NAME = AppIcon;
				INFOPLIST_FILE = "Debug App/Info.plist";
				IPHONEOS_DEPLOYMENT_TARGET = 8.0;
				LD_RUNPATH_SEARCH_PATHS = "$(inherited) @executable_path/Frameworks";
				PRODUCT_BUNDLE_IDENTIFIER = "com.shubhank.debugApp.Debug-App";
				PRODUCT_NAME = "Fixed Debug Proj";
			};
			name = Debug;
		};
		995DF5A31CEC3553007A3C02 /* Release */ = {
			isa = XCBuildConfiguration;
			buildSettings = {
				ASSETCATALOG_COMPILER_APPICON_NAME = AppIcon;
				INFOPLIST_FILE = "Debug App/Info.plist";
				IPHONEOS_DEPLOYMENT_TARGET = 8.0;
				LD_RUNPATH_SEARCH_PATHS = "$(inherited) @executable_path/Frameworks";
				PRODUCT_BUNDLE_IDENTIFIER = "com.shubhank.debugApp.Debug-App";
				PRODUCT_NAME = "Fixed Debug Proj";
			};
			name = Release;
		};
/* End XCBuildConfiguration section */

/* Begin XCConfigurationList section */
		995DF58A1CEC3552007A3C02 /* Build configuration list for PBXProject "Fixed Debug Proj" */ = {
			isa = XCConfigurationList;
			buildConfigurations = (
				995DF59F1CEC3553007A3C02 /* Debug */,
				995DF5A01CEC3553007A3C02 /* Release */,
			);
			defaultConfigurationIsVisible = 0;
			defaultConfigurationName = Release;
		};
		995DF5A11CEC3553007A3C02 /* Build configuration list for PBXNativeTarget "Fixed Debug Proj" */ = {
			isa = XCConfigurationList;
			buildConfigurations = (
				995DF5A21CEC3553007A3C02 /* Debug */,
				995DF5A31CEC3553007A3C02 /* Release */,
			);
			defaultConfigurationIsVisible = 0;
			defaultConfigurationName = Release;
		};
/* End XCConfigurationList section */
	};
	rootObject = 995DF5871CEC3552007A3C02 /* Project object */;
}
